
Microsoft Visual Studio Solution File, Format Version 12.00
# Visual Studio 15
VisualStudioVersion = 15.0.27004.2010
MinimumVisualStudioVersion = 10.0.40219.1
Project("{FAE04EC0-301F-11D3-BF4B-00C04F79EFBC}") = "Glossary", "Glossary\Glossary.csproj", "{0C44E4A9-40BD-4AE6-9B7C-D4F802F8FE8B}"
EndProject
Project("{FAE04EC0-301F-11D3-BF4B-00C04F79EFBC}") = "Glossary.Tests", "Glossary.Tests\Glossary.Tests.csproj", "{CF34A893-DC8D-405F-9E4F-49620965248A}"
EndProject
Global
	GlobalSection(SolutionConfigurationPlatforms) = preSolution
		Debug|Any CPU = Debug|Any CPU
		Release|Any CPU = Release|Any CPU
	EndGlobalSection
	GlobalSection(ProjectConfigurationPlatforms) = postSolution
		{0C44E4A9-40BD-4AE6-9B7C-D4F802F8FE8B}.Debug|Any CPU.ActiveCfg = Debug|Any CPU
		{0C44E4A9-40BD-4AE6-9B7C-D4F802F8FE8B}.Debug|Any CPU.Build.0 = Debug|Any CPU
		{0C44E4A9-40BD-4AE6-9B7C-D4F802F8FE8B}.Release|Any CPU.ActiveCfg = Release|Any CPU
		{0C44E4A9-40BD-4AE6-9B7C-D4F802F8FE8B}.Release|Any CPU.Build.0 = Release|Any CPU
		{CF34A893-DC8D-405F-9E4F-49620965248A}.Debug|Any CPU.ActiveCfg = Debug|Any CPU
		{CF34A893-DC8D-405F-9E4F-49620965248A}.Debug|Any CPU.Build.0 = Debug|Any CPU
		{CF34A893-DC8D-405F-9E4F-49620965248A}.Release|Any CPU.ActiveCfg = Release|Any CPU
		{CF34A893-DC8D-405F-9E4F-49620965248A}.Release|Any CPU.Build.0 = Release|Any CPU
	EndGlobalSection
	GlobalSection(SolutionProperties) = preSolution
		HideSolutionNode = FALSE
	EndGlobalSection
	GlobalSection(ExtensibilityGlobals) = postSolution
		SolutionGuid = {CB1FA5B7-01FD-455A-8FA6-AEC73B93029B}
	EndGlobalSection
EndGlobal
